
Microsoft Visual Studio Solution File, Format Version 12.00
# Visual Studio Version 16
VisualStudioVersion = 16.0.29201.188
MinimumVisualStudioVersion = 10.0.40219.1
Project("{9A19103F-16F7-4668-BE54-9A1E7A4F7556}") = "DoorServe", "DoorServe.csproj", "{C26A6E3E-D305-4A24-AA2C-0AF7FD9DEE8A}"
EndProject
Project("{9A19103F-16F7-4668-BE54-9A1E7A4F7556}") = "Doorserve.Core", "..\doorserve.core\Doorserve.Core.csproj", "{EB3EF291-4045-4C9B-8F12-A63472DAB6A1}"
EndProject
Global
	GlobalSection(SolutionConfigurationPlatforms) = preSolution
		Debug|Any CPU = Debug|Any CPU
		Release|Any CPU = Release|Any CPU
	EndGlobalSection
	GlobalSection(ProjectConfigurationPlatforms) = postSolution
		{C26A6E3E-D305-4A24-AA2C-0AF7FD9DEE8A}.Debug|Any CPU.ActiveCfg = Debug|Any CPU
		{C26A6E3E-D305-4A24-AA2C-0AF7FD9DEE8A}.Debug|Any CPU.Build.0 = Debug|Any CPU
		{C26A6E3E-D305-4A24-AA2C-0AF7FD9DEE8A}.Release|Any CPU.ActiveCfg = Release|Any CPU
		{C26A6E3E-D305-4A24-AA2C-0AF7FD9DEE8A}.Release|Any CPU.Build.0 = Release|Any CPU
		{EB3EF291-4045-4C9B-8F12-A63472DAB6A1}.Debug|Any CPU.ActiveCfg = Debug|Any CPU
		{EB3EF291-4045-4C9B-8F12-A63472DAB6A1}.Debug|Any CPU.Build.0 = Debug|Any CPU
		{EB3EF291-4045-4C9B-8F12-A63472DAB6A1}.Release|Any CPU.ActiveCfg = Release|Any CPU
		{EB3EF291-4045-4C9B-8F12-A63472DAB6A1}.Release|Any CPU.Build.0 = Release|Any CPU
	EndGlobalSection
	GlobalSection(SolutionProperties) = preSolution
		HideSolutionNode = FALSE
	EndGlobalSection
	GlobalSection(ExtensibilityGlobals) = postSolution
		SolutionGuid = {9401EB49-204A-477C-93DC-8820CA8BD20A}
	EndGlobalSection
EndGlobal
